<?xml version="1.0" encoding="utf-8"?>
<Project ToolsVersion="4.0" xmlns="http://schemas.microsoft.com/developer/msbuild/2003">
  <ItemGroup>
    <ClCompile Include="main.cpp" />
    <ClCompile Include="src\cDirectX.cpp">
      <Filter>Project</Filter>
    </ClCompile>
    <ClCompile Include="src\SA\c3DMarker.cpp">
      <Filter>Game</Filter>
    </ClCompile>
    <ClCompile Include="src\SA\cAERadioTrackManager.cpp">
      <Filter>Game</Filter>
    </ClCompile>
    <ClCompile Include="src\SA\cAudioEngine.cpp">
      <Filter>Game</Filter>
    </ClCompile>
    <ClCompile Include="src\SA\cAutoHandlingData.cpp">
      <Filter>Game</Filter>
    </ClCompile>
    <ClCompile Include="src\SA\cAutomobile.cpp">
      <Filter>Game</Filter>
    </ClCompile>
    <ClCompile Include="src\SA\cBaseModelInfo.cpp">
      <Filter>Game</Filter>
    </ClCompile>
    <ClCompile Include="src\SA\cBike.cpp">
      <Filter>Game</Filter>
    </ClCompile>
    <ClCompile Include="src\SA\cBoat.cpp">
      <Filter>Game</Filter>
    </ClCompile>
    <ClCompile Include="src\SA\cBox.cpp">
      <Filter>Game</Filter>
    </ClCompile>
    <ClCompile Include="src\SA\cCam.cpp">
      <Filter>Game</Filter>
    </ClCompile>
    <ClCompile Include="src\SA\cCamera.cpp">
      <Filter>Game</Filter>
    </ClCompile>
    <ClCompile Include="src\SA\cCamTweak.cpp">
      <Filter>Game</Filter>
    </ClCompile>
    <ClCompile Include="src\SA\cCarPathLink.cpp">
      <Filter>Game</Filter>
    </ClCompile>
    <ClCompile Include="src\SA\cCarPathLinkAddress.cpp">
      <Filter>Game</Filter>
    </ClCompile>
    <ClCompile Include="src\SA\cCheat.cpp">
      <Filter>Game</Filter>
    </ClCompile>
    <ClCompile Include="src\SA\cClumpModelInfo.cpp">
      <Filter>Game</Filter>
    </ClCompile>
    <ClCompile Include="src\SA\cColModel.cpp">
      <Filter>Game</Filter>
    </ClCompile>
    <ClCompile Include="src\SA\cColPoint.cpp">
      <Filter>Game</Filter>
    </ClCompile>
    <ClCompile Include="src\SA\cColSphere.cpp">
      <Filter>Game</Filter>
    </ClCompile>
    <ClCompile Include="src\SA\cColStore.cpp">
      <Filter>Game</Filter>
    </ClCompile>
    <ClCompile Include="src\Vector\cCompressedVector2D.cpp">
      <Filter>Game</Filter>
    </ClCompile>
    <ClCompile Include="src\Vector\cCompressedVector3D.cpp">
      <Filter>Game</Filter>
    </ClCompile>
    <ClCompile Include="src\SA\cControllerState.cpp">
      <Filter>Game</Filter>
    </ClCompile>
    <ClCompile Include="src\SA\cD3DResourceSystem.cpp">
      <Filter>Game</Filter>
    </ClCompile>
    <ClCompile Include="src\SA\cDamageManager.cpp">
      <Filter>Game</Filter>
    </ClCompile>
    <ClCompile Include="src\SA\cDirectionArrow.cpp">
      <Filter>Game</Filter>
    </ClCompile>
    <ClCompile Include="src\DirectX\cDXFont.cpp">
      <Filter>Game</Filter>
    </ClCompile>
    <ClCompile Include="src\DirectX\cDXLine.cpp">
      <Filter>Game</Filter>
    </ClCompile>
    <ClCompile Include="src\SA\cEntity.cpp">
      <Filter>Game</Filter>
    </ClCompile>
    <ClCompile Include="src\SA\cForbiddenArea.cpp">
      <Filter>Game</Filter>
    </ClCompile>
    <ClCompile Include="src\SA\cFx.cpp">
      <Filter>Game</Filter>
    </ClCompile>
    <ClCompile Include="src\SA\cFxFrustumInfo.cpp">
      <Filter>Game</Filter>
    </ClCompile>
    <ClCompile Include="src\SA\cFxManager.cpp">
      <Filter>Game</Filter>
    </ClCompile>
    <ClCompile Include="src\SA\cFxMemoryPool.cpp">
      <Filter>Game</Filter>
    </ClCompile>
    <ClCompile Include="src\SA\cFxPlane.cpp">
      <Filter>Game</Filter>
    </ClCompile>
    <ClCompile Include="src\SA\cFxPrtMult.cpp">
      <Filter>Game</Filter>
    </ClCompile>
    <ClCompile Include="src\SA\cFxSphere.cpp">
      <Filter>Game</Filter>
    </ClCompile>
    <ClCompile Include="src\SA\cFxSystem.cpp">
      <Filter>Game</Filter>
    </ClCompile>
    <ClCompile Include="src\cLog.cpp">
      <Filter>Project</Filter>
    </ClCompile>
    <ClCompile Include="src\cInternet.cpp">
      <Filter>Project</Filter>
    </ClCompile>
    <ClCompile Include="src\cHook.cpp">
      <Filter>Project</Filter>
    </ClCompile>
    <ClCompile Include="src\cGui.cpp">
      <Filter>Project</Filter>
    </ClCompile>
    <ClCompile Include="src\cMain.cpp">
      <Filter>Project</Filter>
    </ClCompile>
    <ClCompile Include="src\SA\cHandlingDataMgr.cpp">
      <Filter>Game</Filter>
    </ClCompile>
    <ClCompile Include="src\SA\cHeli.cpp">
      <Filter>Game</Filter>
    </ClCompile>
    <ClCompile Include="src\SA\cIPLStore.cpp">
      <Filter>Game</Filter>
    </ClCompile>
    <ClCompile Include="src\SA\cList.cpp">
      <Filter>Game</Filter>
    </ClCompile>
    <ClCompile Include="src\SA\cListItem.cpp">
      <Filter>Game</Filter>
    </ClCompile>
    <ClCompile Include="src\SA\cMatrix.cpp">
      <Filter>Game</Filter>
    </ClCompile>
    <ClCompile Include="src\SA\cMatrixLink.cpp">
      <Filter>Game</Filter>
    </ClCompile>
    <ClCompile Include="src\SA\cMenuManager.cpp">
      <Filter>Game</Filter>
    </ClCompile>
    <ClCompile Include="src\cMP.cpp">
      <Filter>Project</Filter>
    </ClCompile>
    <ClCompile Include="src\cMPPatch.cpp">
      <Filter>Project</Filter>
    </ClCompile>
    <ClCompile Include="src\cSA.cpp">
      <Filter>Project</Filter>
    </ClCompile>
    <ClCompile Include="src\cSAPatch.cpp">
      <Filter>Project</Filter>
    </ClCompile>
    <ClCompile Include="src\cWinAPIFuncs.cpp">
      <Filter>Project</Filter>
    </ClCompile>
    <ClCompile Include="src\SA\cNodeAddress.cpp">
      <Filter>Game</Filter>
    </ClCompile>
    <ClCompile Include="src\SA\cObject.cpp">
      <Filter>Game</Filter>
    </ClCompile>
    <ClCompile Include="src\SA\cObjectInfo.cpp">
      <Filter>Game</Filter>
    </ClCompile>
    <ClCompile Include="src\SA\cPad.cpp">
      <Filter>Game</Filter>
    </ClCompile>
    <ClCompile Include="src\SA\cPathFind.cpp">
      <Filter>Game</Filter>
    </ClCompile>
    <ClCompile Include="src\SA\cPathIntersectionInfo.cpp">
      <Filter>Game</Filter>
    </ClCompile>
    <ClCompile Include="src\SA\cPathNode.cpp">
      <Filter>Game</Filter>
    </ClCompile>
    <ClCompile Include="src\SA\cPed.cpp">
      <Filter>Game</Filter>
    </ClCompile>
    <ClCompile Include="src\SA\cPedIntelligence.cpp">
      <Filter>Game</Filter>
    </ClCompile>
    <ClCompile Include="src\SA\cPhysical.cpp">
      <Filter>Game</Filter>
    </ClCompile>
    <ClCompile Include="src\SA\cPlaceable.cpp">
      <Filter>Game</Filter>
    </ClCompile>
    <ClCompile Include="src\SA\cPlane.cpp">
      <Filter>Game</Filter>
    </ClCompile>
    <ClCompile Include="src\SA\cPlayerInfo.cpp">
      <Filter>Game</Filter>
    </ClCompile>
    <ClCompile Include="src\SA\cPointLights.cpp">
      <Filter>Game</Filter>
    </ClCompile>
    <ClCompile Include="src\SA\cPool.cpp">
      <Filter>Game</Filter>
    </ClCompile>
    <ClCompile Include="src\SA\cPools.cpp">
      <Filter>Game</Filter>
    </ClCompile>
    <ClCompile Include="src\SA\cQuadBike.cpp">
      <Filter>Game</Filter>
    </ClCompile>
    <ClCompile Include="src\SA\cQueuedMode.cpp">
      <Filter>Game</Filter>
    </ClCompile>
    <ClCompile Include="src\SA\cRadar.cpp">
      <Filter>Game</Filter>
    </ClCompile>
    <ClCompile Include="src\SA\cRadarTrace.cpp">
      <Filter>Game</Filter>
    </ClCompile>
    <ClCompile Include="src\SA\cRenderer.cpp">
      <Filter>Game</Filter>
    </ClCompile>
    <ClCompile Include="src\SA\cSphere.cpp">
      <Filter>Game</Filter>
    </ClCompile>
    <ClCompile Include="src\SA\cSprite2D.cpp">
      <Filter>Game</Filter>
    </ClCompile>
    <ClCompile Include="src\SA\cStreamedScript.cpp">
      <Filter>Game</Filter>
    </ClCompile>
    <ClCompile Include="src\SA\cStreamedScripts.cpp">
      <Filter>Game</Filter>
    </ClCompile>
    <ClCompile Include="src\SA\cStreaming.cpp">
      <Filter>Game</Filter>
    </ClCompile>
    <ClCompile Include="src\SA\cStreamingInfo.cpp">
      <Filter>Game</Filter>
    </ClCompile>
    <ClCompile Include="src\SA\cTrailer.cpp">
      <Filter>Game</Filter>
    </ClCompile>
    <ClCompile Include="src\SA\cTransmission.cpp">
      <Filter>Game</Filter>
    </ClCompile>
    <ClCompile Include="src\SA\cTransmissionGear.cpp">
      <Filter>Game</Filter>
    </ClCompile>
    <ClCompile Include="src\SA\cUpgradePosnDesc.cpp">
      <Filter>Game</Filter>
    </ClCompile>
    <ClCompile Include="src\Vector\cVector2D.cpp">
      <Filter>Game</Filter>
    </ClCompile>
    <ClCompile Include="src\Vector\cVector3D.cpp">
      <Filter>Game</Filter>
    </ClCompile>
    <ClCompile Include="src\Vector\cVector4D.cpp">
      <Filter>Game</Filter>
    </ClCompile>
    <ClCompile Include="src\SA\cVehicle.cpp">
      <Filter>Game</Filter>
    </ClCompile>
    <ClCompile Include="src\SA\cVehicleAudioSettings.cpp">
      <Filter>Game</Filter>
    </ClCompile>
    <ClCompile Include="src\SA\cVehicleModelInfo.cpp">
      <Filter>Game</Filter>
    </ClCompile>
    <ClCompile Include="src\SA\cVehicleStructure.cpp">
      <Filter>Game</Filter>
    </ClCompile>
    <ClCompile Include="src\SA\cWeapon.cpp">
      <Filter>Game</Filter>
    </ClCompile>
    <ClCompile Include="src\SA\cWeaponInfo.cpp">
      <Filter>Game</Filter>
    </ClCompile>
    <ClCompile Include="src\SA\cWeather.cpp">
      <Filter>Game</Filter>
    </ClCompile>
    <ClCompile Include="src\SA\cWorld.cpp">
      <Filter>Game</Filter>
    </ClCompile>
    <ClCompile Include="include\ImGui\imgui.cpp">
      <Filter>imgui</Filter>
    </ClCompile>
    <ClCompile Include="include\ImGui\imgui_demo.cpp">
      <Filter>imgui</Filter>
    </ClCompile>
    <ClCompile Include="include\ImGui\imgui_draw.cpp">
      <Filter>imgui</Filter>
    </ClCompile>
    <ClCompile Include="include\ImGui\imgui_impl_dx9.cpp">
      <Filter>imgui</Filter>
    </ClCompile>
    <ClCompile Include="include\ImGui\imgui_impl_win32.cpp">
      <Filter>imgui</Filter>
    </ClCompile>
    <ClCompile Include="include\ImGui\imgui_stdlib.cpp">
      <Filter>imgui</Filter>
    </ClCompile>
    <ClCompile Include="include\ImGui\imgui_tables.cpp">
      <Filter>imgui</Filter>
    </ClCompile>
    <ClCompile Include="include\ImGui\imgui_widgets.cpp">
      <Filter>imgui</Filter>
    </ClCompile>
    <ClCompile Include="src\MP\st3DTextPool.cpp">
      <Filter>SAMP</Filter>
    </ClCompile>
    <ClCompile Include="src\MP\stChatInfo.cpp">
      <Filter>SAMP</Filter>
    </ClCompile>
    <ClCompile Include="src\MP\stLocalPlayer.cpp">
      <Filter>SAMP</Filter>
    </ClCompile>
    <ClCompile Include="src\MP\stPickupPool.cpp">
      <Filter>SAMP</Filter>
    </ClCompile>
    <ClCompile Include="src\MP\stPlayerPool.cpp">
      <Filter>SAMP</Filter>
    </ClCompile>
    <ClCompile Include="src\MP\stSAMP.cpp">
      <Filter>SAMP</Filter>
    </ClCompile>
    <ClCompile Include="src\MP\stTextDrawPool.cpp">
      <Filter>SAMP</Filter>
    </ClCompile>
    <ClCompile Include="src\MP\stVehiclePool.cpp">
      <Filter>SAMP</Filter>
    </ClCompile>
    <ClCompile Include="src\MP\RakNet\cBitStream.cpp">
      <Filter>SAMP\RakNet</Filter>
    </ClCompile>
    <ClCompile Include="src\MP\RakNet\cRakClientManager.cpp">
      <Filter>SAMP\RakNet</Filter>
    </ClCompile>
  </ItemGroup>
  <ItemGroup>
    <ClInclude Include="DirectX9\d3d9.h">
      <Filter>DirectX9</Filter>
    </ClInclude>
    <ClInclude Include="DirectX9\d3d9caps.h">
      <Filter>DirectX9</Filter>
    </ClInclude>
    <ClInclude Include="DirectX9\d3d9types.h">
      <Filter>DirectX9</Filter>
    </ClInclude>
    <ClInclude Include="DirectX9\d3dx9.h">
      <Filter>DirectX9</Filter>
    </ClInclude>
    <ClInclude Include="DirectX9\d3dx9anim.h">
      <Filter>DirectX9</Filter>
    </ClInclude>
    <ClInclude Include="DirectX9\d3dx9core.h">
      <Filter>DirectX9</Filter>
    </ClInclude>
    <ClInclude Include="DirectX9\d3dx9effect.h">
      <Filter>DirectX9</Filter>
    </ClInclude>
    <ClInclude Include="DirectX9\d3dx9math.h">
      <Filter>DirectX9</Filter>
    </ClInclude>
    <ClInclude Include="DirectX9\d3dx9mesh.h">
      <Filter>DirectX9</Filter>
    </ClInclude>
    <ClInclude Include="DirectX9\d3dx9shader.h">
      <Filter>DirectX9</Filter>
    </ClInclude>
    <ClInclude Include="DirectX9\d3dx9shape.h">
      <Filter>DirectX9</Filter>
    </ClInclude>
    <ClInclude Include="DirectX9\d3dx9tex.h">
      <Filter>DirectX9</Filter>
    </ClInclude>
    <ClInclude Include="DirectX9\d3dx9xof.h">
      <Filter>DirectX9</Filter>
    </ClInclude>
    <ClInclude Include="include\cDirectX.hpp">
      <Filter>Project</Filter>
    </ClInclude>
    <ClInclude Include="include\cExportAPI.hpp">
      <Filter>Project</Filter>
    </ClInclude>
    <ClInclude Include="include\SA\c3DMarker.hpp">
      <Filter>Game</Filter>
    </ClInclude>
    <ClInclude Include="include\SA\cAERadioTrackManager.hpp">
      <Filter>Game</Filter>
    </ClInclude>
    <ClInclude Include="include\SA\cAudioEngine.hpp">
      <Filter>Game</Filter>
    </ClInclude>
    <ClInclude Include="include\SA\cAutoHandlingData.hpp">
      <Filter>Game</Filter>
    </ClInclude>
    <ClInclude Include="include\SA\cAutomobile.hpp">
      <Filter>Game</Filter>
    </ClInclude>
    <ClInclude Include="include\SA\cBaseModelInfo.hpp">
      <Filter>Game</Filter>
    </ClInclude>
    <ClInclude Include="include\SA\cBike.hpp">
      <Filter>Game</Filter>
    </ClInclude>
    <ClInclude Include="include\SA\cBoat.hpp">
      <Filter>Game</Filter>
    </ClInclude>
    <ClInclude Include="include\SA\cBox.hpp">
      <Filter>Game</Filter>
    </ClInclude>
    <ClInclude Include="include\SA\cCam.hpp">
      <Filter>Game</Filter>
    </ClInclude>
    <ClInclude Include="include\SA\cCamera.hpp">
      <Filter>Game</Filter>
    </ClInclude>
    <ClInclude Include="include\SA\cCamTweak.hpp">
      <Filter>Game</Filter>
    </ClInclude>
    <ClInclude Include="include\SA\cCarPathLink.hpp">
      <Filter>Game</Filter>
    </ClInclude>
    <ClInclude Include="include\SA\cCarPathLinkAddress.hpp">
      <Filter>Game</Filter>
    </ClInclude>
    <ClInclude Include="include\SA\cCheat.hpp">
      <Filter>Game</Filter>
    </ClInclude>
    <ClInclude Include="include\SA\cClumpModelInfo.hpp">
      <Filter>Game</Filter>
    </ClInclude>
    <ClInclude Include="include\SA\cColModel.hpp">
      <Filter>Game</Filter>
    </ClInclude>
    <ClInclude Include="include\SA\cColPoint.hpp">
      <Filter>Game</Filter>
    </ClInclude>
    <ClInclude Include="include\SA\cColSphere.hpp">
      <Filter>Game</Filter>
    </ClInclude>
    <ClInclude Include="include\SA\cColStore.hpp">
      <Filter>Game</Filter>
    </ClInclude>
    <ClInclude Include="include\Vector\cCompressedVector2D.hpp">
      <Filter>Game</Filter>
    </ClInclude>
    <ClInclude Include="include\Vector\cCompressedVector3D.hpp">
      <Filter>Game</Filter>
    </ClInclude>
    <ClInclude Include="include\SA\cControllerState.hpp">
      <Filter>Game</Filter>
    </ClInclude>
    <ClInclude Include="include\SA\cD3DResourceSystem.hpp">
      <Filter>Game</Filter>
    </ClInclude>
    <ClInclude Include="include\SA\cDamageManager.hpp">
      <Filter>Game</Filter>
    </ClInclude>
    <ClInclude Include="include\SA\cDirectionArrow.hpp">
      <Filter>Game</Filter>
    </ClInclude>
    <ClInclude Include="include\DirectX\cDXFont.hpp">
      <Filter>Game</Filter>
    </ClInclude>
    <ClInclude Include="include\DirectX\cDXLine.hpp">
      <Filter>Game</Filter>
    </ClInclude>
    <ClInclude Include="include\SA\cEntity.hpp">
      <Filter>Game</Filter>
    </ClInclude>
    <ClInclude Include="include\SA\cForbiddenArea.hpp">
      <Filter>Game</Filter>
    </ClInclude>
    <ClInclude Include="include\SA\cFx.hpp">
      <Filter>Game</Filter>
    </ClInclude>
    <ClInclude Include="include\SA\cFxFrustumInfo.hpp">
      <Filter>Game</Filter>
    </ClInclude>
    <ClInclude Include="include\SA\cFxManager.hpp">
      <Filter>Game</Filter>
    </ClInclude>
    <ClInclude Include="include\SA\cFxMemoryPool.hpp">
      <Filter>Game</Filter>
    </ClInclude>
    <ClInclude Include="include\SA\cFxPlane.hpp">
      <Filter>Game</Filter>
    </ClInclude>
    <ClInclude Include="include\SA\cFxPrtMult.hpp">
      <Filter>Game</Filter>
    </ClInclude>
    <ClInclude Include="include\SA\cFxSphere.hpp">
      <Filter>Game</Filter>
    </ClInclude>
    <ClInclude Include="include\SA\cFxSystem.hpp">
      <Filter>Game</Filter>
    </ClInclude>
    <ClInclude Include="include\cLog.hpp">
      <Filter>Project</Filter>
    </ClInclude>
    <ClInclude Include="include\cInternet.hpp">
      <Filter>Project</Filter>
    </ClInclude>
    <ClInclude Include="include\cHook.hpp">
      <Filter>Project</Filter>
    </ClInclude>
    <ClInclude Include="include\cGui.hpp">
      <Filter>Project</Filter>
    </ClInclude>
    <ClInclude Include="include\cMain.hpp">
      <Filter>Project</Filter>
    </ClInclude>
    <ClInclude Include="include\SA\cHandlingDataMgr.hpp">
      <Filter>Game</Filter>
    </ClInclude>
    <ClInclude Include="include\SA\cHeli.hpp">
      <Filter>Game</Filter>
    </ClInclude>
    <ClInclude Include="include\SA\cIPLStore.hpp">
      <Filter>Game</Filter>
    </ClInclude>
    <ClInclude Include="include\SA\cList.hpp">
      <Filter>Game</Filter>
    </ClInclude>
    <ClInclude Include="include\SA\cListItem.hpp">
      <Filter>Game</Filter>
    </ClInclude>
    <ClInclude Include="include\SA\cMatrix.hpp">
      <Filter>Game</Filter>
    </ClInclude>
    <ClInclude Include="include\SA\cMatrixLink.hpp">
      <Filter>Game</Filter>
    </ClInclude>
    <ClInclude Include="include\SA\cMenuManager.hpp">
      <Filter>Game</Filter>
    </ClInclude>
    <ClInclude Include="include\cMP.hpp">
      <Filter>Project</Filter>
    </ClInclude>
    <ClInclude Include="include\cMPPatch.hpp">
      <Filter>Project</Filter>
    </ClInclude>
    <ClInclude Include="include\cSA.hpp">
      <Filter>Project</Filter>
    </ClInclude>
    <ClInclude Include="include\cSAPatch.hpp">
      <Filter>Project</Filter>
    </ClInclude>
    <ClInclude Include="include\cWinAPIFuncs.hpp">
      <Filter>Project</Filter>
    </ClInclude>
    <ClInclude Include="include\SA\cNodeAddress.hpp">
      <Filter>Game</Filter>
    </ClInclude>
    <ClInclude Include="include\SA\cObject.hpp">
      <Filter>Game</Filter>
    </ClInclude>
    <ClInclude Include="include\SA\cObjectInfo.hpp">
      <Filter>Game</Filter>
    </ClInclude>
    <ClInclude Include="include\SA\cPad.hpp">
      <Filter>Game</Filter>
    </ClInclude>
    <ClInclude Include="include\SA\cPathFind.hpp">
      <Filter>Game</Filter>
    </ClInclude>
    <ClInclude Include="include\SA\cPathIntersectionInfo.hpp">
      <Filter>Game</Filter>
    </ClInclude>
    <ClInclude Include="include\SA\cPathNode.hpp">
      <Filter>Game</Filter>
    </ClInclude>
    <ClInclude Include="include\SA\cPed.hpp">
      <Filter>Game</Filter>
    </ClInclude>
    <ClInclude Include="include\SA\cPedIntelligence.hpp">
      <Filter>Game</Filter>
    </ClInclude>
    <ClInclude Include="include\SA\cPhysical.hpp">
      <Filter>Game</Filter>
    </ClInclude>
    <ClInclude Include="include\SA\cPlaceable.hpp">
      <Filter>Game</Filter>
    </ClInclude>
    <ClInclude Include="include\SA\cPlane.hpp">
      <Filter>Game</Filter>
    </ClInclude>
    <ClInclude Include="include\SA\cPlayerInfo.hpp">
      <Filter>Game</Filter>
    </ClInclude>
    <ClInclude Include="include\SA\cPointLights.hpp">
      <Filter>Game</Filter>
    </ClInclude>
    <ClInclude Include="include\SA\cPool.hpp">
      <Filter>Game</Filter>
    </ClInclude>
    <ClInclude Include="include\SA\cPools.hpp">
      <Filter>Game</Filter>
    </ClInclude>
    <ClInclude Include="include\SA\cQuadBike.hpp">
      <Filter>Game</Filter>
    </ClInclude>
    <ClInclude Include="include\SA\cQueuedMode.hpp">
      <Filter>Game</Filter>
    </ClInclude>
    <ClInclude Include="include\SA\cRadar.hpp">
      <Filter>Game</Filter>
    </ClInclude>
    <ClInclude Include="include\SA\cRadarTrace.hpp">
      <Filter>Game</Filter>
    </ClInclude>
    <ClInclude Include="include\SA\cRenderer.hpp">
      <Filter>Game</Filter>
    </ClInclude>
    <ClInclude Include="include\SA\cSphere.hpp">
      <Filter>Game</Filter>
    </ClInclude>
    <ClInclude Include="include\SA\cSprite2D.hpp">
      <Filter>Game</Filter>
    </ClInclude>
    <ClInclude Include="include\SA\cStreamedScript.hpp">
      <Filter>Game</Filter>
    </ClInclude>
    <ClInclude Include="include\SA\cStreamedScripts.hpp">
      <Filter>Game</Filter>
    </ClInclude>
    <ClInclude Include="include\SA\cStreaming.hpp">
      <Filter>Game</Filter>
    </ClInclude>
    <ClInclude Include="include\SA\cStreamingInfo.hpp">
      <Filter>Game</Filter>
    </ClInclude>
    <ClInclude Include="include\SA\cTrailer.hpp">
      <Filter>Game</Filter>
    </ClInclude>
    <ClInclude Include="include\SA\cTransmission.hpp">
      <Filter>Game</Filter>
    </ClInclude>
    <ClInclude Include="include\SA\cTransmissionGear.hpp">
      <Filter>Game</Filter>
    </ClInclude>
    <ClInclude Include="include\SA\cUpgradePosnDesc.hpp">
      <Filter>Game</Filter>
    </ClInclude>
    <ClInclude Include="include\Vector\cVector2D.hpp">
      <Filter>Game</Filter>
    </ClInclude>
    <ClInclude Include="include\Vector\cVector3D.hpp">
      <Filter>Game</Filter>
    </ClInclude>
    <ClInclude Include="include\Vector\cVector4D.hpp">
      <Filter>Game</Filter>
    </ClInclude>
    <ClInclude Include="include\SA\cVehicle.hpp">
      <Filter>Game</Filter>
    </ClInclude>
    <ClInclude Include="include\SA\cVehicleAudioSettings.hpp">
      <Filter>Game</Filter>
    </ClInclude>
    <ClInclude Include="include\SA\cVehicleModelInfo.hpp">
      <Filter>Game</Filter>
    </ClInclude>
    <ClInclude Include="include\SA\cVehicleStructure.hpp">
      <Filter>Game</Filter>
    </ClInclude>
    <ClInclude Include="include\SA\cWeapon.hpp">
      <Filter>Game</Filter>
    </ClInclude>
    <ClInclude Include="include\SA\cWeaponInfo.hpp">
      <Filter>Game</Filter>
    </ClInclude>
    <ClInclude Include="include\SA\cWeather.hpp">
      <Filter>Game</Filter>
    </ClInclude>
    <ClInclude Include="include\SA\cWorld.hpp">
      <Filter>Game</Filter>
    </ClInclude>
    <ClInclude Include="include\ImGui\imgui.h">
      <Filter>imgui</Filter>
    </ClInclude>
    <ClInclude Include="include\ImGui\imgui_impl_dx9.h">
      <Filter>imgui</Filter>
    </ClInclude>
    <ClInclude Include="include\ImGui\imgui_impl_win32.h">
      <Filter>imgui</Filter>
    </ClInclude>
    <ClInclude Include="include\ImGui\imgui_internal.h">
      <Filter>imgui</Filter>
    </ClInclude>
    <ClInclude Include="include\ImGui\imgui_stdlib.h">
      <Filter>imgui</Filter>
    </ClInclude>
    <ClInclude Include="include\ImGui\imstb_rectpack.h">
      <Filter>imgui</Filter>
    </ClInclude>
    <ClInclude Include="include\ImGui\imstb_textedit.h">
      <Filter>imgui</Filter>
    </ClInclude>
    <ClInclude Include="include\ImGui\imstb_truetype.h">
      <Filter>imgui</Filter>
    </ClInclude>
    <ClInclude Include="include\ImGui\imconfig.h">
      <Filter>imgui</Filter>
    </ClInclude>
    <ClInclude Include="include\MP\st3DText.hpp">
      <Filter>SAMP</Filter>
    </ClInclude>
    <ClInclude Include="include\MP\st3DTextPool.hpp">
      <Filter>SAMP</Filter>
    </ClInclude>
    <ClInclude Include="include\MP\stAimData.hpp">
      <Filter>SAMP</Filter>
    </ClInclude>
    <ClInclude Include="include\MP\stAnimation.hpp">
      <Filter>SAMP</Filter>
    </ClInclude>
    <ClInclude Include="include\MP\stBulletData.hpp">
      <Filter>SAMP</Filter>
    </ClInclude>
    <ClInclude Include="include\MP\stBulletPacket.hpp">
      <Filter>SAMP</Filter>
    </ClInclude>
    <ClInclude Include="include\MP\stCameraTarget.hpp">
      <Filter>SAMP</Filter>
    </ClInclude>
    <ClInclude Include="include\MP\stChatEntry.hpp">
      <Filter>SAMP</Filter>
    </ClInclude>
    <ClInclude Include="include\MP\stChatInfo.hpp">
      <Filter>SAMP</Filter>
    </ClInclude>
    <ClInclude Include="include\MP\stClassSelection.hpp">
      <Filter>SAMP</Filter>
    </ClInclude>
    <ClInclude Include="include\MP\stControllerState.hpp">
      <Filter>SAMP</Filter>
    </ClInclude>
    <ClInclude Include="include\MP\stDamageData.hpp">
      <Filter>SAMP</Filter>
    </ClInclude>
    <ClInclude Include="include\MP\stDeath.hpp">
      <Filter>SAMP</Filter>
    </ClInclude>
    <ClInclude Include="include\MP\stEnterVehicle.hpp">
      <Filter>SAMP</Filter>
    </ClInclude>
    <ClInclude Include="include\MP\stHeadSync.hpp">
      <Filter>SAMP</Filter>
    </ClInclude>
    <ClInclude Include="include\MP\stInCarData.hpp">
      <Filter>SAMP</Filter>
    </ClInclude>
    <ClInclude Include="include\MP\stInCarPacket.hpp">
      <Filter>SAMP</Filter>
    </ClInclude>
    <ClInclude Include="include\MP\stLocalPlayer.hpp">
      <Filter>SAMP</Filter>
    </ClInclude>
    <ClInclude Include="include\MP\stMiscInfo.hpp">
      <Filter>SAMP</Filter>
    </ClInclude>
    <ClInclude Include="include\MP\stOnFootData.hpp">
      <Filter>SAMP</Filter>
    </ClInclude>
    <ClInclude Include="include\MP\stPassengerData.hpp">
      <Filter>SAMP</Filter>
    </ClInclude>
    <ClInclude Include="include\MP\stPickup.hpp">
      <Filter>SAMP</Filter>
    </ClInclude>
    <ClInclude Include="include\MP\stPickupPool.hpp">
      <Filter>SAMP</Filter>
    </ClInclude>
    <ClInclude Include="include\MP\stPlayerPool.hpp">
      <Filter>SAMP</Filter>
    </ClInclude>
    <ClInclude Include="include\MP\stRemotePlayer.hpp">
      <Filter>SAMP</Filter>
    </ClInclude>
    <ClInclude Include="include\MP\stRemotePlayerData.hpp">
      <Filter>SAMP</Filter>
    </ClInclude>
    <ClInclude Include="include\SA\RenderWare\stRpMaterial.hpp">
      <Filter>SAMP</Filter>
    </ClInclude>
    <ClInclude Include="include\SA\RenderWare\stRwFrame.hpp">
      <Filter>SAMP</Filter>
    </ClInclude>
    <ClInclude Include="include\SA\RenderWare\stRwLinkList.hpp">
      <Filter>SAMP</Filter>
    </ClInclude>
    <ClInclude Include="include\SA\RenderWare\stRwLLLink.hpp">
      <Filter>SAMP</Filter>
    </ClInclude>
    <ClInclude Include="include\SA\RenderWare\stRwMatrix.hpp">
      <Filter>SAMP</Filter>
    </ClInclude>
    <ClInclude Include="include\SA\RenderWare\stRwObject.hpp">
      <Filter>SAMP</Filter>
    </ClInclude>
    <ClInclude Include="include\SA\RenderWare\stRwRGBA.hpp">
      <Filter>SAMP</Filter>
    </ClInclude>
    <ClInclude Include="include\SA\RenderWare\stRwRGBAReal.hpp">
      <Filter>SAMP</Filter>
    </ClInclude>
    <ClInclude Include="include\SA\RenderWare\stRwSurfaceProperties.hpp">
      <Filter>SAMP</Filter>
    </ClInclude>
    <ClInclude Include="include\SA\RenderWare\stRwTexture.hpp">
      <Filter>SAMP</Filter>
    </ClInclude>
    <ClInclude Include="include\SA\RenderWare\stRxD3D9InstanceData.hpp">
      <Filter>SAMP</Filter>
    </ClInclude>
    <ClInclude Include="include\SA\RenderWare\stRxD3D9ResEntryHeader.hpp">
      <Filter>SAMP</Filter>
    </ClInclude>
    <ClInclude Include="include\SA\RenderWare\stRxD3D9VertexStream.hpp">
      <Filter>SAMP</Filter>
    </ClInclude>
    <ClInclude Include="include\MP\stSAMP.hpp">
      <Filter>SAMP</Filter>
    </ClInclude>
    <ClInclude Include="include\MP\stSAMPEntity.hpp">
      <Filter>SAMP</Filter>
    </ClInclude>
    <ClInclude Include="include\MP\stSAMPPed.hpp">
      <Filter>SAMP</Filter>
    </ClInclude>
    <ClInclude Include="include\MP\stSAMPPools.hpp">
      <Filter>SAMP</Filter>
    </ClInclude>
    <ClInclude Include="include\MP\stSAMPVehicle.hpp">
      <Filter>SAMP</Filter>
    </ClInclude>
    <ClInclude Include="include\MP\stSCMEvent.hpp">
      <Filter>SAMP</Filter>
    </ClInclude>
    <ClInclude Include="include\MP\stServerInfo.hpp">
      <Filter>SAMP</Filter>
    </ClInclude>
    <ClInclude Include="include\MP\stServerPresets.hpp">
      <Filter>SAMP</Filter>
    </ClInclude>
    <ClInclude Include="include\MP\stSpawnInfo.hpp">
      <Filter>SAMP</Filter>
    </ClInclude>
    <ClInclude Include="include\MP\stSpectating.hpp">
      <Filter>SAMP</Filter>
    </ClInclude>
    <ClInclude Include="include\MP\stSurfData.hpp">
      <Filter>SAMP</Filter>
    </ClInclude>
    <ClInclude Include="include\MP\stTextDraw.hpp">
      <Filter>SAMP</Filter>
    </ClInclude>
    <ClInclude Include="include\MP\stTextDrawPool.hpp">
      <Filter>SAMP</Filter>
    </ClInclude>
    <ClInclude Include="include\MP\stTrailerData.hpp">
      <Filter>SAMP</Filter>
    </ClInclude>
    <ClInclude Include="include\MP\stUnoccupiedData.hpp">
      <Filter>SAMP</Filter>
    </ClInclude>
    <ClInclude Include="include\MP\stUnoccupiedPacket.hpp">
      <Filter>SAMP</Filter>
    </ClInclude>
    <ClInclude Include="include\MP\stVehicleInfo.hpp">
      <Filter>SAMP</Filter>
    </ClInclude>
    <ClInclude Include="include\MP\stVehiclePool.hpp">
      <Filter>SAMP</Filter>
    </ClInclude>
    <ClInclude Include="include\MP\stWeaponBaseData.hpp">
      <Filter>SAMP</Filter>
    </ClInclude>
    <ClInclude Include="include\MP\stWeaponSlot.hpp">
      <Filter>SAMP</Filter>
    </ClInclude>
    <ClInclude Include="include\MP\stWeaponUpdate.hpp">
      <Filter>SAMP</Filter>
    </ClInclude>
    <ClInclude Include="include\MP\RakNet\cBitStream.hpp">
      <Filter>SAMP\RakNet</Filter>
    </ClInclude>
    <ClInclude Include="include\MP\RakNet\cRakClient.hpp">
      <Filter>SAMP\RakNet</Filter>
    </ClInclude>
    <ClInclude Include="include\MP\RakNet\cRakClientManager.hpp">
      <Filter>SAMP\RakNet</Filter>
    </ClInclude>
    <ClInclude Include="include\MP\RakNet\stNetworkID.hpp">
      <Filter>SAMP\RakNet</Filter>
    </ClInclude>
    <ClInclude Include="include\MP\RakNet\stPacket.hpp">
      <Filter>SAMP\RakNet</Filter>
    </ClInclude>
    <ClInclude Include="include\MP\RakNet\stPlayerID.hpp">
      <Filter>SAMP\RakNet</Filter>
    </ClInclude>
    <ClInclude Include="include\MP\RakNet\stRPCNode.hpp">
      <Filter>SAMP\RakNet</Filter>
    </ClInclude>
    <ClInclude Include="include\MP\RakNet\stRPCParameters.hpp">
      <Filter>SAMP\RakNet</Filter>
    </ClInclude>
  </ItemGroup>
  <ItemGroup>
    <Image Include="resources\background.jpg">
      <Filter>Resources</Filter>
    </Image>
    <Image Include="resources\logo.png">
      <Filter>Resources</Filter>
    </Image>
  </ItemGroup>
  <ItemGroup>
    <Filter Include="DirectX9">
      <UniqueIdentifier>{610c8981-4b44-4450-a25e-a7faa8be2be4}</UniqueIdentifier>
    </Filter>
    <Filter Include="Project">
      <UniqueIdentifier>{ea5ba64a-f110-4019-84a1-a8da4dea4424}</UniqueIdentifier>
    </Filter>
    <Filter Include="Game">
      <UniqueIdentifier>{48bae8c7-b915-43d1-b6fb-405ee4e417a8}</UniqueIdentifier>
    </Filter>
    <Filter Include="imgui">
      <UniqueIdentifier>{20509527-a96e-41e4-b376-1eb36572c124}</UniqueIdentifier>
    </Filter>
    <Filter Include="Resources">
      <UniqueIdentifier>{bf1040b2-afeb-46e1-907f-9dd94008f930}</UniqueIdentifier>
    </Filter>
    <Filter Include="SAMP">
      <UniqueIdentifier>{3b55c6ff-ec59-4e94-9c72-cc644d0298c0}</UniqueIdentifier>
    </Filter>
    <Filter Include="SAMP\RakNet">
      <UniqueIdentifier>{e6d81bba-16f7-4f27-ba65-1b627350ba25}</UniqueIdentifier>
    </Filter>
  </ItemGroup>
  <ItemGroup>
    <None Include="DirectX9\d3dx9math.inl">
      <Filter>DirectX9</Filter>
    </None>
    <None Include="packages.config" />
  </ItemGroup>
  <ItemGroup>
    <Font Include="resources\icomoon-ultimate.ttf">
      <Filter>Resources</Filter>
    </Font>
  </ItemGroup>
  <ItemGroup>
    <ResourceCompile Include="resources.rc">
      <Filter>Resources</Filter>
    </ResourceCompile>
  </ItemGroup>
</Project>